PODS:
  - Alamofire (5.5.0)
  - Cosmos (23.0.0)
  - Kingfisher (7.1.2)
  - ReachabilitySwift (5.0.0)

DEPENDENCIES:
  - Alamofire (~> 5.5)
  - Cosmos
  - Kingfisher (~> 7.0)
  - ReachabilitySwift

SPEC REPOS:
  trunk:
    - Alamofire
    - Cosmos
    - Kingfisher
    - ReachabilitySwift

SPEC CHECKSUMS:
  Alamofire: 1c4fb5369c3fe93d2857c780d8bbe09f06f97e7c
  Cosmos: b5c6a9a637e28a061b54c8f8b1d8529d7d4db73f
  Kingfisher: 44ed6a8504763f27bab46163adfac83f5deb240c
  ReachabilitySwift: 985039c6f7b23a1da463388634119492ff86c825

PODFILE CHECKSUM: e5bf3ad765dc7489cb87778081c95898d0f9a332

COCOAPODS: 1.11.2
