// !$*UTF8*$!
{
	archiveVersion = 1;
	classes = {
	};
	objectVersion = 55;
	objects = {

/* Begin PBXBuildFile section */
		26C7C36B272529BE0FE4B133 /* libPods-TheSportsApp.a in Frameworks */ = {isa = PBXBuildFile; fileRef = 38E50E6D3911CD482BEEA552 /* libPods-TheSportsApp.a */; };
		E831803B27CD6FCF0040AE43 /* UpComingCollectionViewCell.swift in Sources */ = {isa = PBXBuildFile; fileRef = E831803A27CD6FCF0040AE43 /* UpComingCollectionViewCell.swift */; };
		E831803E27CD6FF90040AE43 /* LatestResultsCollectionViewCell.swift in Sources */ = {isa = PBXBuildFile; fileRef = E831803D27CD6FF90040AE43 /* LatestResultsCollectionViewCell.swift */; };
		E831804027CD700B0040AE43 /* TeamsCollectionViewCell.swift in Sources */ = {isa = PBXBuildFile; fileRef = E831803F27CD700B0040AE43 /* TeamsCollectionViewCell.swift */; };
		E831F6A627C6786D00BA7EC0 /* LeaguesTableViewController.swift in Sources */ = {isa = PBXBuildFile; fileRef = E831F6A527C6786D00BA7EC0 /* LeaguesTableViewController.swift */; };
		E831F6AB27C67A8F00BA7EC0 /* CustomLeaguesTableViewCell.swift in Sources */ = {isa = PBXBuildFile; fileRef = E831F6A927C67A8F00BA7EC0 /* CustomLeaguesTableViewCell.swift */; };
		E831F6AC27C67A8F00BA7EC0 /* CustomLeaguesTableViewCell.xib in Resources */ = {isa = PBXBuildFile; fileRef = E831F6AA27C67A8F00BA7EC0 /* CustomLeaguesTableViewCell.xib */; };
		E831F6AE27C69D7500BA7EC0 /* LeaguesDetailsViewController.swift in Sources */ = {isa = PBXBuildFile; fileRef = E831F6AD27C69D7500BA7EC0 /* LeaguesDetailsViewController.swift */; };
		E831F6B227C6CC0000BA7EC0 /* FavoriteLeaguesTableViewController.swift in Sources */ = {isa = PBXBuildFile; fileRef = E831F6B127C6CC0000BA7EC0 /* FavoriteLeaguesTableViewController.swift */; };
		E84C208227CE6761001CADBD /* Upcoming.swift in Sources */ = {isa = PBXBuildFile; fileRef = E84C208127CE6761001CADBD /* Upcoming.swift */; };
		E874F46A27C7AD6000C9492A /* Sports.swift in Sources */ = {isa = PBXBuildFile; fileRef = E874F46927C7AD6000C9492A /* Sports.swift */; };
		E874F46E27C8064700C9492A /* Leagues.swift in Sources */ = {isa = PBXBuildFile; fileRef = E874F46D27C8064700C9492A /* Leagues.swift */; };
		E88D1F7827C5402C001E2B4C /* AppDelegate.swift in Sources */ = {isa = PBXBuildFile; fileRef = E88D1F7727C5402C001E2B4C /* AppDelegate.swift */; };
		E88D1F7A27C5402C001E2B4C /* SceneDelegate.swift in Sources */ = {isa = PBXBuildFile; fileRef = E88D1F7927C5402C001E2B4C /* SceneDelegate.swift */; };
		E88D1F7F27C5402C001E2B4C /* Main.storyboard in Resources */ = {isa = PBXBuildFile; fileRef = E88D1F7D27C5402C001E2B4C /* Main.storyboard */; };
		E88D1F8227C5402C001E2B4C /* TheSportsApp.xcdatamodeld in Sources */ = {isa = PBXBuildFile; fileRef = E88D1F8027C5402C001E2B4C /* TheSportsApp.xcdatamodeld */; };
		E88D1F8427C5402E001E2B4C /* Assets.xcassets in Resources */ = {isa = PBXBuildFile; fileRef = E88D1F8327C5402E001E2B4C /* Assets.xcassets */; };
		E88D1F8727C5402E001E2B4C /* LaunchScreen.storyboard in Resources */ = {isa = PBXBuildFile; fileRef = E88D1F8527C5402E001E2B4C /* LaunchScreen.storyboard */; };
		E88D1F8F27C5487F001E2B4C /* TabBarViewController.swift in Sources */ = {isa = PBXBuildFile; fileRef = E88D1F8E27C5487E001E2B4C /* TabBarViewController.swift */; };
		E88D1F9127C54D97001E2B4C /* SportsCollectionViewController.swift in Sources */ = {isa = PBXBuildFile; fileRef = E88D1F9027C54D97001E2B4C /* SportsCollectionViewController.swift */; };
		E88D1F9627C54EC7001E2B4C /* CollectionViewCell.swift in Sources */ = {isa = PBXBuildFile; fileRef = E88D1F9427C54EC7001E2B4C /* CollectionViewCell.swift */; };
		E88D1F9727C54EC7001E2B4C /* CollectionViewCell.xib in Resources */ = {isa = PBXBuildFile; fileRef = E88D1F9527C54EC7001E2B4C /* CollectionViewCell.xib */; };
		E894326F27CEB692003D7D23 /* LatestResults.swift in Sources */ = {isa = PBXBuildFile; fileRef = E894326E27CEB692003D7D23 /* LatestResults.swift */; };
		E894327127CEB69F003D7D23 /* Teams.swift in Sources */ = {isa = PBXBuildFile; fileRef = E894327027CEB69F003D7D23 /* Teams.swift */; };
/* End PBXBuildFile section */

/* Begin PBXFileReference section */
		38E50E6D3911CD482BEEA552 /* libPods-TheSportsApp.a */ = {isa = PBXFileReference; explicitFileType = archive.ar; includeInIndex = 0; path = "libPods-TheSportsApp.a"; sourceTree = BUILT_PRODUCTS_DIR; };
		9ABD98EC146F28E141F00455 /* Pods-TheSportsApp.debug.xcconfig */ = {isa = PBXFileReference; includeInIndex = 1; lastKnownFileType = text.xcconfig; name = "Pods-TheSportsApp.debug.xcconfig"; path = "Target Support Files/Pods-TheSportsApp/Pods-TheSportsApp.debug.xcconfig"; sourceTree = "<group>"; };
		A03F75143D5B6C569C734C04 /* Pods-TheSportsApp.release.xcconfig */ = {isa = PBXFileReference; includeInIndex = 1; lastKnownFileType = text.xcconfig; name = "Pods-TheSportsApp.release.xcconfig"; path = "Target Support Files/Pods-TheSportsApp/Pods-TheSportsApp.release.xcconfig"; sourceTree = "<group>"; };
		E831803A27CD6FCF0040AE43 /* UpComingCollectionViewCell.swift */ = {isa = PBXFileReference; lastKnownFileType = sourcecode.swift; path = UpComingCollectionViewCell.swift; sourceTree = "<group>"; };
		E831803D27CD6FF90040AE43 /* LatestResultsCollectionViewCell.swift */ = {isa = PBXFileReference; lastKnownFileType = sourcecode.swift; path = LatestResultsCollectionViewCell.swift; sourceTree = "<group>"; };
		E831803F27CD700B0040AE43 /* TeamsCollectionViewCell.swift */ = {isa = PBXFileReference; lastKnownFileType = sourcecode.swift; path = TeamsCollectionViewCell.swift; sourceTree = "<group>"; };
		E831F6A527C6786D00BA7EC0 /* LeaguesTableViewController.swift */ = {isa = PBXFileReference; lastKnownFileType = sourcecode.swift; path = LeaguesTableViewController.swift; sourceTree = "<group>"; };
		E831F6A927C67A8F00BA7EC0 /* CustomLeaguesTableViewCell.swift */ = {isa = PBXFileReference; lastKnownFileType = sourcecode.swift; path = CustomLeaguesTableViewCell.swift; sourceTree = "<group>"; };
		E831F6AA27C67A8F00BA7EC0 /* CustomLeaguesTableViewCell.xib */ = {isa = PBXFileReference; lastKnownFileType = file.xib; path = CustomLeaguesTableViewCell.xib; sourceTree = "<group>"; };
		E831F6AD27C69D7500BA7EC0 /* LeaguesDetailsViewController.swift */ = {isa = PBXFileReference; lastKnownFileType = sourcecode.swift; path = LeaguesDetailsViewController.swift; sourceTree = "<group>"; };
		E831F6B127C6CC0000BA7EC0 /* FavoriteLeaguesTableViewController.swift */ = {isa = PBXFileReference; lastKnownFileType = sourcecode.swift; path = FavoriteLeaguesTableViewController.swift; sourceTree = "<group>"; };
		E84C208127CE6761001CADBD /* Upcoming.swift */ = {isa = PBXFileReference; lastKnownFileType = sourcecode.swift; path = Upcoming.swift; sourceTree = "<group>"; };
		E874F46927C7AD6000C9492A /* Sports.swift */ = {isa = PBXFileReference; lastKnownFileType = sourcecode.swift; path = Sports.swift; sourceTree = "<group>"; };
		E874F46D27C8064700C9492A /* Leagues.swift */ = {isa = PBXFileReference; lastKnownFileType = sourcecode.swift; path = Leagues.swift; sourceTree = "<group>"; };
		E88D1F7427C5402C001E2B4C /* TheSportsApp.app */ = {isa = PBXFileReference; explicitFileType = wrapper.application; includeInIndex = 0; path = TheSportsApp.app; sourceTree = BUILT_PRODUCTS_DIR; };
		E88D1F7727C5402C001E2B4C /* AppDelegate.swift */ = {isa = PBXFileReference; lastKnownFileType = sourcecode.swift; path = AppDelegate.swift; sourceTree = "<group>"; };
		E88D1F7927C5402C001E2B4C /* SceneDelegate.swift */ = {isa = PBXFileReference; lastKnownFileType = sourcecode.swift; path = SceneDelegate.swift; sourceTree = "<group>"; };
		E88D1F7E27C5402C001E2B4C /* Base */ = {isa = PBXFileReference; lastKnownFileType = file.storyboard; name = Base; path = Base.lproj/Main.storyboard; sourceTree = "<group>"; };
		E88D1F8127C5402C001E2B4C /* TheSportsApp.xcdatamodel */ = {isa = PBXFileReference; lastKnownFileType = wrapper.xcdatamodel; path = TheSportsApp.xcdatamodel; sourceTree = "<group>"; };
		E88D1F8327C5402E001E2B4C /* Assets.xcassets */ = {isa = PBXFileReference; lastKnownFileType = folder.assetcatalog; path = Assets.xcassets; sourceTree = "<group>"; };
		E88D1F8627C5402E001E2B4C /* Base */ = {isa = PBXFileReference; lastKnownFileType = file.storyboard; name = Base; path = Base.lproj/LaunchScreen.storyboard; sourceTree = "<group>"; };
		E88D1F8827C5402E001E2B4C /* Info.plist */ = {isa = PBXFileReference; lastKnownFileType = text.plist.xml; path = Info.plist; sourceTree = "<group>"; };
		E88D1F8E27C5487E001E2B4C /* TabBarViewController.swift */ = {isa = PBXFileReference; lastKnownFileType = sourcecode.swift; path = TabBarViewController.swift; sourceTree = "<group>"; };
		E88D1F9027C54D97001E2B4C /* SportsCollectionViewController.swift */ = {isa = PBXFileReference; lastKnownFileType = sourcecode.swift; path = SportsCollectionViewController.swift; sourceTree = "<group>"; };
		E88D1F9427C54EC7001E2B4C /* CollectionViewCell.swift */ = {isa = PBXFileReference; lastKnownFileType = sourcecode.swift; path = CollectionViewCell.swift; sourceTree = "<group>"; };
		E88D1F9527C54EC7001E2B4C /* CollectionViewCell.xib */ = {isa = PBXFileReference; lastKnownFileType = file.xib; path = CollectionViewCell.xib; sourceTree = "<group>"; };
		E894326E27CEB692003D7D23 /* LatestResults.swift */ = {isa = PBXFileReference; lastKnownFileType = sourcecode.swift; path = LatestResults.swift; sourceTree = "<group>"; };
		E894327027CEB69F003D7D23 /* Teams.swift */ = {isa = PBXFileReference; lastKnownFileType = sourcecode.swift; path = Teams.swift; sourceTree = "<group>"; };
/* End PBXFileReference section */

/* Begin PBXFrameworksBuildPhase section */
		E88D1F7127C5402C001E2B4C /* Frameworks */ = {
			isa = PBXFrameworksBuildPhase;
			buildActionMask = 2147483647;
			files = (
				26C7C36B272529BE0FE4B133 /* libPods-TheSportsApp.a in Frameworks */,
			);
			runOnlyForDeploymentPostprocessing = 0;
		};
/* End PBXFrameworksBuildPhase section */

/* Begin PBXGroup section */
		6A8AE0903C7DD5D618670B28 /* Pods */ = {
			isa = PBXGroup;
			children = (
				9ABD98EC146F28E141F00455 /* Pods-TheSportsApp.debug.xcconfig */,
				A03F75143D5B6C569C734C04 /* Pods-TheSportsApp.release.xcconfig */,
			);
			path = Pods;
			sourceTree = "<group>";
		};
		85196206C57B67EBE16DF86E /* Frameworks */ = {
			isa = PBXGroup;
			children = (
				38E50E6D3911CD482BEEA552 /* libPods-TheSportsApp.a */,
			);
			name = Frameworks;
			sourceTree = "<group>";
		};
		E861E9DA27CAB54400556E84 /* Cells */ = {
			isa = PBXGroup;
			children = (
				E88D1F9427C54EC7001E2B4C /* CollectionViewCell.swift */,
				E88D1F9527C54EC7001E2B4C /* CollectionViewCell.xib */,
				E831F6A927C67A8F00BA7EC0 /* CustomLeaguesTableViewCell.swift */,
				E831F6AA27C67A8F00BA7EC0 /* CustomLeaguesTableViewCell.xib */,
				E831803A27CD6FCF0040AE43 /* UpComingCollectionViewCell.swift */,
				E831803D27CD6FF90040AE43 /* LatestResultsCollectionViewCell.swift */,
				E831803F27CD700B0040AE43 /* TeamsCollectionViewCell.swift */,
			);
			path = Cells;
			sourceTree = "<group>";
		};
		E874F46B27C7CAFF00C9492A /* NetworkingModels */ = {
			isa = PBXGroup;
			children = (
				E874F46927C7AD6000C9492A /* Sports.swift */,
				E874F46D27C8064700C9492A /* Leagues.swift */,
				E84C208127CE6761001CADBD /* Upcoming.swift */,
				E894326E27CEB692003D7D23 /* LatestResults.swift */,
				E894327027CEB69F003D7D23 /* Teams.swift */,
			);
			path = NetworkingModels;
			sourceTree = "<group>";
		};
		E874F46C27C7FB6900C9492A /* Controllers */ = {
			isa = PBXGroup;
			children = (
				E88D1F9027C54D97001E2B4C /* SportsCollectionViewController.swift */,
				E831F6A527C6786D00BA7EC0 /* LeaguesTableViewController.swift */,
				E831F6AD27C69D7500BA7EC0 /* LeaguesDetailsViewController.swift */,
				E831F6B127C6CC0000BA7EC0 /* FavoriteLeaguesTableViewController.swift */,
			);
			path = Controllers;
			sourceTree = "<group>";
		};
		E88D1F6B27C5402C001E2B4C = {
			isa = PBXGroup;
			children = (
				E88D1F7627C5402C001E2B4C /* TheSportsApp */,
				E88D1F7527C5402C001E2B4C /* Products */,
				6A8AE0903C7DD5D618670B28 /* Pods */,
				85196206C57B67EBE16DF86E /* Frameworks */,
			);
			sourceTree = "<group>";
		};
		E88D1F7527C5402C001E2B4C /* Products */ = {
			isa = PBXGroup;
			children = (
				E88D1F7427C5402C001E2B4C /* TheSportsApp.app */,
			);
			name = Products;
			sourceTree = "<group>";
		};
		E88D1F7627C5402C001E2B4C /* TheSportsApp */ = {
			isa = PBXGroup;
			children = (
				E88D1F7727C5402C001E2B4C /* AppDelegate.swift */,
				E88D1F7927C5402C001E2B4C /* SceneDelegate.swift */,
				E88D1F7D27C5402C001E2B4C /* Main.storyboard */,
				E88D1F8327C5402E001E2B4C /* Assets.xcassets */,
				E88D1F8527C5402E001E2B4C /* LaunchScreen.storyboard */,
				E88D1F8827C5402E001E2B4C /* Info.plist */,
				E88D1F8027C5402C001E2B4C /* TheSportsApp.xcdatamodeld */,
				E88D1F8E27C5487E001E2B4C /* TabBarViewController.swift */,
				E874F46C27C7FB6900C9492A /* Controllers */,
				E861E9DA27CAB54400556E84 /* Cells */,
				E874F46B27C7CAFF00C9492A /* NetworkingModels */,
			);
			path = TheSportsApp;
			sourceTree = "<group>";
		};
/* End PBXGroup section */

/* Begin PBXNativeTarget section */
		E88D1F7327C5402C001E2B4C /* TheSportsApp */ = {
			isa = PBXNativeTarget;
			buildConfigurationList = E88D1F8B27C5402E001E2B4C /* Build configuration list for PBXNativeTarget "TheSportsApp" */;
			buildPhases = (
				2F022FB881EE193C8BF0B8A9 /* [CP] Check Pods Manifest.lock */,
				E88D1F7027C5402C001E2B4C /* Sources */,
				E88D1F7127C5402C001E2B4C /* Frameworks */,
				E88D1F7227C5402C001E2B4C /* Resources */,
			);
			buildRules = (
			);
			dependencies = (
			);
			name = TheSportsApp;
			productName = TheSportsApp;
			productReference = E88D1F7427C5402C001E2B4C /* TheSportsApp.app */;
			productType = "com.apple.product-type.application";
		};
/* End PBXNativeTarget section */

/* Begin PBXProject section */
		E88D1F6C27C5402C001E2B4C /* Project object */ = {
			isa = PBXProject;
			attributes = {
				BuildIndependentTargetsInParallel = 1;
				LastSwiftUpdateCheck = 1300;
				LastUpgradeCheck = 1300;
				TargetAttributes = {
					E88D1F7327C5402C001E2B4C = {
						CreatedOnToolsVersion = 13.0;
					};
				};
			};
			buildConfigurationList = E88D1F6F27C5402C001E2B4C /* Build configuration list for PBXProject "TheSportsApp" */;
			compatibilityVersion = "Xcode 13.0";
			developmentRegion = en;
			hasScannedForEncodings = 0;
			knownRegions = (
				en,
				Base,
			);
			mainGroup = E88D1F6B27C5402C001E2B4C;
			productRefGroup = E88D1F7527C5402C001E2B4C /* Products */;
			projectDirPath = "";
			projectRoot = "";
			targets = (
				E88D1F7327C5402C001E2B4C /* TheSportsApp */,
			);
		};
/* End PBXProject section */

/* Begin PBXResourcesBuildPhase section */
		E88D1F7227C5402C001E2B4C /* Resources */ = {
			isa = PBXResourcesBuildPhase;
			buildActionMask = 2147483647;
			files = (
				E88D1F8727C5402E001E2B4C /* LaunchScreen.storyboard in Resources */,
				E831F6AC27C67A8F00BA7EC0 /* CustomLeaguesTableViewCell.xib in Resources */,
				E88D1F8427C5402E001E2B4C /* Assets.xcassets in Resources */,
				E88D1F9727C54EC7001E2B4C /* CollectionViewCell.xib in Resources */,
				E88D1F7F27C5402C001E2B4C /* Main.storyboard in Resources */,
			);
			runOnlyForDeploymentPostprocessing = 0;
		};
/* End PBXResourcesBuildPhase section */

/* Begin PBXShellScriptBuildPhase section */
		2F022FB881EE193C8BF0B8A9 /* [CP] Check Pods Manifest.lock */ = {
			isa = PBXShellScriptBuildPhase;
			buildActionMask = 2147483647;
			files = (
			);
			inputFileListPaths = (
			);
			inputPaths = (
				"${PODS_PODFILE_DIR_PATH}/Podfile.lock",
				"${PODS_ROOT}/Manifest.lock",
			);
			name = "[CP] Check Pods Manifest.lock";
			outputFileListPaths = (
			);
			outputPaths = (
				"$(DERIVED_FILE_DIR)/Pods-TheSportsApp-checkManifestLockResult.txt",
			);
			runOnlyForDeploymentPostprocessing = 0;
			shellPath = /bin/sh;
			shellScript = "diff \"${PODS_PODFILE_DIR_PATH}/Podfile.lock\" \"${PODS_ROOT}/Manifest.lock\" > /dev/null\nif [ $? != 0 ] ; then\n    # print error to STDERR\n    echo \"error: The sandbox is not in sync with the Podfile.lock. Run 'pod install' or update your CocoaPods installation.\" >&2\n    exit 1\nfi\n# This output is used by Xcode 'outputs' to avoid re-running this script phase.\necho \"SUCCESS\" > \"${SCRIPT_OUTPUT_FILE_0}\"\n";
			showEnvVarsInLog = 0;
		};
/* End PBXShellScriptBuildPhase section */

/* Begin PBXSourcesBuildPhase section */
		E88D1F7027C5402C001E2B4C /* Sources */ = {
			isa = PBXSourcesBuildPhase;
			buildActionMask = 2147483647;
			files = (
				E894327127CEB69F003D7D23 /* Teams.swift in Sources */,
				E88D1F7827C5402C001E2B4C /* AppDelegate.swift in Sources */,
				E88D1F8227C5402C001E2B4C /* TheSportsApp.xcdatamodeld in Sources */,
				E88D1F9627C54EC7001E2B4C /* CollectionViewCell.swift in Sources */,
				E831803B27CD6FCF0040AE43 /* UpComingCollectionViewCell.swift in Sources */,
				E88D1F8F27C5487F001E2B4C /* TabBarViewController.swift in Sources */,
				E831F6B227C6CC0000BA7EC0 /* FavoriteLeaguesTableViewController.swift in Sources */,
				E874F46A27C7AD6000C9492A /* Sports.swift in Sources */,
				E874F46E27C8064700C9492A /* Leagues.swift in Sources */,
				E894326F27CEB692003D7D23 /* LatestResults.swift in Sources */,
				E88D1F7A27C5402C001E2B4C /* SceneDelegate.swift in Sources */,
				E831804027CD700B0040AE43 /* TeamsCollectionViewCell.swift in Sources */,
				E831F6AE27C69D7500BA7EC0 /* LeaguesDetailsViewController.swift in Sources */,
				E84C208227CE6761001CADBD /* Upcoming.swift in Sources */,
				E831803E27CD6FF90040AE43 /* LatestResultsCollectionViewCell.swift in Sources */,
				E88D1F9127C54D97001E2B4C /* SportsCollectionViewController.swift in Sources */,
				E831F6AB27C67A8F00BA7EC0 /* CustomLeaguesTableViewCell.swift in Sources */,
				E831F6A627C6786D00BA7EC0 /* LeaguesTableViewController.swift in Sources */,
			);
			runOnlyForDeploymentPostprocessing = 0;
		};
/* End PBXSourcesBuildPhase section */

/* Begin PBXVariantGroup section */
		E88D1F7D27C5402C001E2B4C /* Main.storyboard */ = {
			isa = PBXVariantGroup;
			children = (
				E88D1F7E27C5402C001E2B4C /* Base */,
			);
			name = Main.storyboard;
			sourceTree = "<group>";
		};
		E88D1F8527C5402E001E2B4C /* LaunchScreen.storyboard */ = {
			isa = PBXVariantGroup;
			children = (
				E88D1F8627C5402E001E2B4C /* Base */,
			);
			name = LaunchScreen.storyboard;
			sourceTree = "<group>";
		};
/* End PBXVariantGroup section */

/* Begin XCBuildConfiguration section */
		E88D1F8927C5402E001E2B4C /* Debug */ = {
			isa = XCBuildConfiguration;
			buildSettings = {
				ALWAYS_SEARCH_USER_PATHS = NO;
				CLANG_ANALYZER_NONNULL = YES;
				CLANG_ANALYZER_NUMBER_OBJECT_CONVERSION = YES_AGGRESSIVE;
				CLANG_CXX_LANGUAGE_STANDARD = "gnu++17";
				CLANG_CXX_LIBRARY = "libc++";
				CLANG_ENABLE_MODULES = YES;
				CLANG_ENABLE_OBJC_ARC = YES;
				CLANG_ENABLE_OBJC_WEAK = YES;
				CLANG_WARN_BLOCK_CAPTURE_AUTORELEASING = YES;
				CLANG_WARN_BOOL_CONVERSION = YES;
				CLANG_WARN_COMMA = YES;
				CLANG_WARN_CONSTANT_CONVERSION = YES;
				CLANG_WARN_DEPRECATED_OBJC_IMPLEMENTATIONS = YES;
				CLANG_WARN_DIRECT_OBJC_ISA_USAGE = YES_ERROR;
				CLANG_WARN_DOCUMENTATION_COMMENTS = YES;
				CLANG_WARN_EMPTY_BODY = YES;
				CLANG_WARN_ENUM_CONVERSION = YES;
				CLANG_WARN_INFINITE_RECURSION = YES;
				CLANG_WARN_INT_CONVERSION = YES;
				CLANG_WARN_NON_LITERAL_NULL_CONVERSION = YES;
				CLANG_WARN_OBJC_IMPLICIT_RETAIN_SELF = YES;
				CLANG_WARN_OBJC_LITERAL_CONVERSION = YES;
				CLANG_WARN_OBJC_ROOT_CLASS = YES_ERROR;
				CLANG_WARN_QUOTED_INCLUDE_IN_FRAMEWORK_HEADER = YES;
				CLANG_WARN_RANGE_LOOP_ANALYSIS = YES;
				CLANG_WARN_STRICT_PROTOTYPES = YES;
				CLANG_WARN_SUSPICIOUS_MOVE = YES;
				CLANG_WARN_UNGUARDED_AVAILABILITY = YES_AGGRESSIVE;
				CLANG_WARN_UNREACHABLE_CODE = YES;
				CLANG_WARN__DUPLICATE_METHOD_MATCH = YES;
				COPY_PHASE_STRIP = NO;
				DEBUG_INFORMATION_FORMAT = dwarf;
				ENABLE_STRICT_OBJC_MSGSEND = YES;
				ENABLE_TESTABILITY = YES;
				GCC_C_LANGUAGE_STANDARD = gnu11;
				GCC_DYNAMIC_NO_PIC = NO;
				GCC_NO_COMMON_BLOCKS = YES;
				GCC_OPTIMIZATION_LEVEL = 0;
				GCC_PREPROCESSOR_DEFINITIONS = (
					"DEBUG=1",
					"$(inherited)",
				);
				GCC_WARN_64_TO_32_BIT_CONVERSION = YES;
				GCC_WARN_ABOUT_RETURN_TYPE = YES_ERROR;
				GCC_WARN_UNDECLARED_SELECTOR = YES;
				GCC_WARN_UNINITIALIZED_AUTOS = YES_AGGRESSIVE;
				GCC_WARN_UNUSED_FUNCTION = YES;
				GCC_WARN_UNUSED_VARIABLE = YES;
				IPHONEOS_DEPLOYMENT_TARGET = 15.0;
				MTL_ENABLE_DEBUG_INFO = INCLUDE_SOURCE;
				MTL_FAST_MATH = YES;
				ONLY_ACTIVE_ARCH = YES;
				SDKROOT = iphoneos;
				SWIFT_ACTIVE_COMPILATION_CONDITIONS = DEBUG;
				SWIFT_OPTIMIZATION_LEVEL = "-Onone";
			};
			name = Debug;
		};
		E88D1F8A27C5402E001E2B4C /* Release */ = {
			isa = XCBuildConfiguration;
			buildSettings = {
				ALWAYS_SEARCH_USER_PATHS = NO;
				CLANG_ANALYZER_NONNULL = YES;
				CLANG_ANALYZER_NUMBER_OBJECT_CONVERSION = YES_AGGRESSIVE;
				CLANG_CXX_LANGUAGE_STANDARD = "gnu++17";
				CLANG_CXX_LIBRARY = "libc++";
				CLANG_ENABLE_MODULES = YES;
				CLANG_ENABLE_OBJC_ARC = YES;
				CLANG_ENABLE_OBJC_WEAK = YES;
				CLANG_WARN_BLOCK_CAPTURE_AUTORELEASING = YES;
				CLANG_WARN_BOOL_CONVERSION = YES;
				CLANG_WARN_COMMA = YES;
				CLANG_WARN_CONSTANT_CONVERSION = YES;
				CLANG_WARN_DEPRECATED_OBJC_IMPLEMENTATIONS = YES;
				CLANG_WARN_DIRECT_OBJC_ISA_USAGE = YES_ERROR;
				CLANG_WARN_DOCUMENTATION_COMMENTS = YES;
				CLANG_WARN_EMPTY_BODY = YES;
				CLANG_WARN_ENUM_CONVERSION = YES;
				CLANG_WARN_INFINITE_RECURSION = YES;
				CLANG_WARN_INT_CONVERSION = YES;
				CLANG_WARN_NON_LITERAL_NULL_CONVERSION = YES;
				CLANG_WARN_OBJC_IMPLICIT_RETAIN_SELF = YES;
				CLANG_WARN_OBJC_LITERAL_CONVERSION = YES;
				CLANG_WARN_OBJC_ROOT_CLASS = YES_ERROR;
				CLANG_WARN_QUOTED_INCLUDE_IN_FRAMEWORK_HEADER = YES;
				CLANG_WARN_RANGE_LOOP_ANALYSIS = YES;
				CLANG_WARN_STRICT_PROTOTYPES = YES;
				CLANG_WARN_SUSPICIOUS_MOVE = YES;
				CLANG_WARN_UNGUARDED_AVAILABILITY = YES_AGGRESSIVE;
				CLANG_WARN_UNREACHABLE_CODE = YES;
				CLANG_WARN__DUPLICATE_METHOD_MATCH = YES;
				COPY_PHASE_STRIP = NO;
				DEBUG_INFORMATION_FORMAT = "dwarf-with-dsym";
				ENABLE_NS_ASSERTIONS = NO;
				ENABLE_STRICT_OBJC_MSGSEND = YES;
				GCC_C_LANGUAGE_STANDARD = gnu11;
				GCC_NO_COMMON_BLOCKS = YES;
				GCC_WARN_64_TO_32_BIT_CONVERSION = YES;
				GCC_WARN_ABOUT_RETURN_TYPE = YES_ERROR;
				GCC_WARN_UNDECLARED_SELECTOR = YES;
				GCC_WARN_UNINITIALIZED_AUTOS = YES_AGGRESSIVE;
				GCC_WARN_UNUSED_FUNCTION = YES;
				GCC_WARN_UNUSED_VARIABLE = YES;
				IPHONEOS_DEPLOYMENT_TARGET = 15.0;
				MTL_ENABLE_DEBUG_INFO = NO;
				MTL_FAST_MATH = YES;
				SDKROOT = iphoneos;
				SWIFT_COMPILATION_MODE = wholemodule;
				SWIFT_OPTIMIZATION_LEVEL = "-O";
				VALIDATE_PRODUCT = YES;
			};
			name = Release;
		};
		E88D1F8C27C5402E001E2B4C /* Debug */ = {
			isa = XCBuildConfiguration;
			baseConfigurationReference = 9ABD98EC146F28E141F00455 /* Pods-TheSportsApp.debug.xcconfig */;
			buildSettings = {
				ASSETCATALOG_COMPILER_APPICON_NAME = AppIcon;
				ASSETCATALOG_COMPILER_GLOBAL_ACCENT_COLOR_NAME = AccentColor;
				CODE_SIGN_STYLE = Automatic;
				CURRENT_PROJECT_VERSION = 1;
				GENERATE_INFOPLIST_FILE = YES;
				INFOPLIST_FILE = TheSportsApp/Info.plist;
				INFOPLIST_KEY_UIApplicationSupportsIndirectInputEvents = YES;
				INFOPLIST_KEY_UILaunchStoryboardName = LaunchScreen;
				INFOPLIST_KEY_UIMainStoryboardFile = Main;
				INFOPLIST_KEY_UISupportedInterfaceOrientations_iPad = "UIInterfaceOrientationPortrait UIInterfaceOrientationPortraitUpsideDown UIInterfaceOrientationLandscapeLeft UIInterfaceOrientationLandscapeRight";
				INFOPLIST_KEY_UISupportedInterfaceOrientations_iPhone = "UIInterfaceOrientationPortrait UIInterfaceOrientationLandscapeLeft UIInterfaceOrientationLandscapeRight";
				LD_RUNPATH_SEARCH_PATHS = (
					"$(inherited)",
					"@executable_path/Frameworks",
				);
				MARKETING_VERSION = 1.0;
				PRODUCT_BUNDLE_IDENTIFIER = MAGED.TheSportsApp;
				PRODUCT_NAME = "$(TARGET_NAME)";
				SWIFT_EMIT_LOC_STRINGS = YES;
				SWIFT_VERSION = 5.0;
				TARGETED_DEVICE_FAMILY = "1,2";
			};
			name = Debug;
		};
		E88D1F8D27C5402E001E2B4C /* Release */ = {
			isa = XCBuildConfiguration;
			baseConfigurationReference = A03F75143D5B6C569C734C04 /* Pods-TheSportsApp.release.xcconfig */;
			buildSettings = {
				ASSETCATALOG_COMPILER_APPICON_NAME = AppIcon;
				ASSETCATALOG_COMPILER_GLOBAL_ACCENT_COLOR_NAME = AccentColor;
				CODE_SIGN_STYLE = Automatic;
				CURRENT_PROJECT_VERSION = 1;
				GENERATE_INFOPLIST_FILE = YES;
				INFOPLIST_FILE = TheSportsApp/Info.plist;
				INFOPLIST_KEY_UIApplicationSupportsIndirectInputEvents = YES;
				INFOPLIST_KEY_UILaunchStoryboardName = LaunchScreen;
				INFOPLIST_KEY_UIMainStoryboardFile = Main;
				INFOPLIST_KEY_UISupportedInterfaceOrientations_iPad = "UIInterfaceOrientationPortrait UIInterfaceOrientationPortraitUpsideDown UIInterfaceOrientationLandscapeLeft UIInterfaceOrientationLandscapeRight";
				INFOPLIST_KEY_UISupportedInterfaceOrientations_iPhone = "UIInterfaceOrientationPortrait UIInterfaceOrientationLandscapeLeft UIInterfaceOrientationLandscapeRight";
				LD_RUNPATH_SEARCH_PATHS = (
					"$(inherited)",
					"@executable_path/Frameworks",
				);
				MARKETING_VERSION = 1.0;
				PRODUCT_BUNDLE_IDENTIFIER = MAGED.TheSportsApp;
				PRODUCT_NAME = "$(TARGET_NAME)";
				SWIFT_EMIT_LOC_STRINGS = YES;
				SWIFT_VERSION = 5.0;
				TARGETED_DEVICE_FAMILY = "1,2";
			};
			name = Release;
		};
/* End XCBuildConfiguration section */

/* Begin XCConfigurationList section */
		E88D1F6F27C5402C001E2B4C /* Build configuration list for PBXProject "TheSportsApp" */ = {
			isa = XCConfigurationList;
			buildConfigurations = (
				E88D1F8927C5402E001E2B4C /* Debug */,
				E88D1F8A27C5402E001E2B4C /* Release */,
			);
			defaultConfigurationIsVisible = 0;
			defaultConfigurationName = Release;
		};
		E88D1F8B27C5402E001E2B4C /* Build configuration list for PBXNativeTarget "TheSportsApp" */ = {
			isa = XCConfigurationList;
			buildConfigurations = (
				E88D1F8C27C5402E001E2B4C /* Debug */,
				E88D1F8D27C5402E001E2B4C /* Release */,
			);
			defaultConfigurationIsVisible = 0;
			defaultConfigurationName = Release;
		};
/* End XCConfigurationList section */

/* Begin XCVersionGroup section */
		E88D1F8027C5402C001E2B4C /* TheSportsApp.xcdatamodeld */ = {
			isa = XCVersionGroup;
			children = (
				E88D1F8127C5402C001E2B4C /* TheSportsApp.xcdatamodel */,
			);
			currentVersion = E88D1F8127C5402C001E2B4C /* TheSportsApp.xcdatamodel */;
			path = TheSportsApp.xcdatamodeld;
			sourceTree = "<group>";
			versionGroupType = wrapper.xcdatamodel;
		};
/* End XCVersionGroup section */
	};
	rootObject = E88D1F6C27C5402C001E2B4C /* Project object */;
}
